
Microsoft Visual Studio Solution File, Format Version 12.00
# Visual Studio Version 17
VisualStudioVersion = 17.11.35327.3
MinimumVisualStudioVersion = 10.0.40219.1
Project("{FAE04EC0-301F-11D3-BF4B-00C04F79EFBC}") = "Hod_konem", "Hod_konem\Hod_konem.csproj", "{22395564-B106-499B-92CB-224101AC4086}"
EndProject
Global
	GlobalSection(SolutionConfigurationPlatforms) = preSolution
		Debug|Any CPU = Debug|Any CPU
		Release|Any CPU = Release|Any CPU
	EndGlobalSection
	GlobalSection(ProjectConfigurationPlatforms) = postSolution
		{22395564-B106-499B-92CB-224101AC4086}.Debug|Any CPU.ActiveCfg = Debug|Any CPU
		{22395564-B106-499B-92CB-224101AC4086}.Debug|Any CPU.Build.0 = Debug|Any CPU
		{22395564-B106-499B-92CB-224101AC4086}.Release|Any CPU.ActiveCfg = Release|Any CPU
		{22395564-B106-499B-92CB-224101AC4086}.Release|Any CPU.Build.0 = Release|Any CPU
	EndGlobalSection
	GlobalSection(SolutionProperties) = preSolution
		HideSolutionNode = FALSE
	EndGlobalSection
	GlobalSection(ExtensibilityGlobals) = postSolution
		SolutionGuid = {0483E41E-19BC-44E4-85FF-02F14A0A1EC0}
	EndGlobalSection
EndGlobal
