
Microsoft Visual Studio Solution File, Format Version 12.00
# Visual Studio Version 17
VisualStudioVersion = 17.11.35327.3
MinimumVisualStudioVersion = 10.0.40219.1
Project("{FAE04EC0-301F-11D3-BF4B-00C04F79EFBC}") = "Wine", "Wine\Wine.csproj", "{ED6FFE1A-9D58-487D-B2EE-9561633628E8}"
EndProject
Global
	GlobalSection(SolutionConfigurationPlatforms) = preSolution
		Debug|Any CPU = Debug|Any CPU
		Release|Any CPU = Release|Any CPU
	EndGlobalSection
	GlobalSection(ProjectConfigurationPlatforms) = postSolution
		{ED6FFE1A-9D58-487D-B2EE-9561633628E8}.Debug|Any CPU.ActiveCfg = Debug|Any CPU
		{ED6FFE1A-9D58-487D-B2EE-9561633628E8}.Debug|Any CPU.Build.0 = Debug|Any CPU
		{ED6FFE1A-9D58-487D-B2EE-9561633628E8}.Release|Any CPU.ActiveCfg = Release|Any CPU
		{ED6FFE1A-9D58-487D-B2EE-9561633628E8}.Release|Any CPU.Build.0 = Release|Any CPU
	EndGlobalSection
	GlobalSection(SolutionProperties) = preSolution
		HideSolutionNode = FALSE
	EndGlobalSection
	GlobalSection(ExtensibilityGlobals) = postSolution
		SolutionGuid = {9E14B7EE-5D97-4C2A-A636-FA0BC0729249}
	EndGlobalSection
EndGlobal
